
Microsoft Visual Studio Solution File, Format Version 12.00
# Visual Studio 15
VisualStudioVersion = 15.0.27004.2009
MinimumVisualStudioVersion = 10.0.40219.1
Project("{FAE04EC0-301F-11D3-BF4B-00C04F79EFBC}") = "MyProject.Console", "MyProject.Console\MyProject.Console.csproj", "{09AB39B4-E241-4F2D-9D9F-F460E7786FF1}"
EndProject
Project("{FAE04EC0-301F-11D3-BF4B-00C04F79EFBC}") = "MyProject.Domain", "MyProject.Domain\MyProject.Domain.csproj", "{508BC634-CC34-4A83-AD86-460CEB639804}"
EndProject
Global
	GlobalSection(SolutionConfigurationPlatforms) = preSolution
		Debug|Any CPU = Debug|Any CPU
		Release|Any CPU = Release|Any CPU
	EndGlobalSection
	GlobalSection(ProjectConfigurationPlatforms) = postSolution
		{09AB39B4-E241-4F2D-9D9F-F460E7786FF1}.Debug|Any CPU.ActiveCfg = Debug|Any CPU
		{09AB39B4-E241-4F2D-9D9F-F460E7786FF1}.Debug|Any CPU.Build.0 = Debug|Any CPU
		{09AB39B4-E241-4F2D-9D9F-F460E7786FF1}.Release|Any CPU.ActiveCfg = Release|Any CPU
		{09AB39B4-E241-4F2D-9D9F-F460E7786FF1}.Release|Any CPU.Build.0 = Release|Any CPU
		{508BC634-CC34-4A83-AD86-460CEB639804}.Debug|Any CPU.ActiveCfg = Debug|Any CPU
		{508BC634-CC34-4A83-AD86-460CEB639804}.Debug|Any CPU.Build.0 = Debug|Any CPU
		{508BC634-CC34-4A83-AD86-460CEB639804}.Release|Any CPU.ActiveCfg = Release|Any CPU
		{508BC634-CC34-4A83-AD86-460CEB639804}.Release|Any CPU.Build.0 = Release|Any CPU
	EndGlobalSection
	GlobalSection(SolutionProperties) = preSolution
		HideSolutionNode = FALSE
	EndGlobalSection
	GlobalSection(ExtensibilityGlobals) = postSolution
		SolutionGuid = {BB2C294F-1517-4B0C-B868-7A50EBBF6D80}
	EndGlobalSection
EndGlobal
